
Microsoft Visual Studio Solution File, Format Version 12.00
# Visual Studio Version 17
VisualStudioVersion = 17.9.34728.123
MinimumVisualStudioVersion = 10.0.40219.1
Project("{FAE04EC0-301F-11D3-BF4B-00C04F79EFBC}") = "biltiful", "biltiful\biltiful.csproj", "{4377AA3E-0905-4F01-9DB4-FA8F209C977E}"
EndProject
Global
	GlobalSection(SolutionConfigurationPlatforms) = preSolution
		Debug|Any CPU = Debug|Any CPU
		Release|Any CPU = Release|Any CPU
	EndGlobalSection
	GlobalSection(ProjectConfigurationPlatforms) = postSolution
		{4377AA3E-0905-4F01-9DB4-FA8F209C977E}.Debug|Any CPU.ActiveCfg = Debug|Any CPU
		{4377AA3E-0905-4F01-9DB4-FA8F209C977E}.Debug|Any CPU.Build.0 = Debug|Any CPU
		{4377AA3E-0905-4F01-9DB4-FA8F209C977E}.Release|Any CPU.ActiveCfg = Release|Any CPU
		{4377AA3E-0905-4F01-9DB4-FA8F209C977E}.Release|Any CPU.Build.0 = Release|Any CPU
	EndGlobalSection
	GlobalSection(SolutionProperties) = preSolution
		HideSolutionNode = FALSE
	EndGlobalSection
	GlobalSection(ExtensibilityGlobals) = postSolution
		SolutionGuid = {16DD03DD-6827-414B-B3B3-EF9C99A48C68}
	EndGlobalSection
EndGlobal
